
Microsoft Visual Studio Solution File, Format Version 12.00
# Visual Studio Version 17
VisualStudioVersion = 17.4.33205.214
MinimumVisualStudioVersion = 10.0.40219.1
Project("{9A19103F-16F7-4668-BE54-9A1E7A4F7556}") = "AgenstvoNedvizimosty", "AgenstvoNedvizimosty\AgenstvoNedvizimosty.csproj", "{D62CADA6-2C92-43A0-B376-8D032ED79764}"
EndProject
Project("{FAE04EC0-301F-11D3-BF4B-00C04F79EFBC}") = "TimeTable207.Context", "TimeTable207.Context\TimeTable207.Context.csproj", "{3290A9BB-B2E5-4EB5-9B30-6F423DF772CD}"
EndProject
Project("{FAE04EC0-301F-11D3-BF4B-00C04F79EFBC}") = "TimeTable207.Context.Contracts", "TimeTable207.Context.Contracts\TimeTable207.Context.Contracts.csproj", "{67144FAE-1806-4419-B83B-DE5FB5E071BA}"
EndProject
Project("{FAE04EC0-301F-11D3-BF4B-00C04F79EFBC}") = "TimeTable.Repositories", "TimeTable.Repositories\TimeTable.Repositories.csproj", "{5481712A-2FDF-4AA6-B18B-76732405AD50}"
EndProject
Project("{FAE04EC0-301F-11D3-BF4B-00C04F79EFBC}") = "TimeTable207.Perositories", "TimeTable207.Perositories\TimeTable207.Perositories.csproj", "{9E0FF150-C5FC-4B4C-8AB3-64BCB91D989C}"
EndProject
Global
	GlobalSection(SolutionConfigurationPlatforms) = preSolution
		Debug|Any CPU = Debug|Any CPU
		Release|Any CPU = Release|Any CPU
	EndGlobalSection
	GlobalSection(ProjectConfigurationPlatforms) = postSolution
		{D62CADA6-2C92-43A0-B376-8D032ED79764}.Debug|Any CPU.ActiveCfg = Debug|Any CPU
		{D62CADA6-2C92-43A0-B376-8D032ED79764}.Debug|Any CPU.Build.0 = Debug|Any CPU
		{D62CADA6-2C92-43A0-B376-8D032ED79764}.Release|Any CPU.ActiveCfg = Release|Any CPU
		{D62CADA6-2C92-43A0-B376-8D032ED79764}.Release|Any CPU.Build.0 = Release|Any CPU
		{3290A9BB-B2E5-4EB5-9B30-6F423DF772CD}.Debug|Any CPU.ActiveCfg = Debug|Any CPU
		{3290A9BB-B2E5-4EB5-9B30-6F423DF772CD}.Debug|Any CPU.Build.0 = Debug|Any CPU
		{3290A9BB-B2E5-4EB5-9B30-6F423DF772CD}.Release|Any CPU.ActiveCfg = Release|Any CPU
		{3290A9BB-B2E5-4EB5-9B30-6F423DF772CD}.Release|Any CPU.Build.0 = Release|Any CPU
		{67144FAE-1806-4419-B83B-DE5FB5E071BA}.Debug|Any CPU.ActiveCfg = Debug|Any CPU
		{67144FAE-1806-4419-B83B-DE5FB5E071BA}.Debug|Any CPU.Build.0 = Debug|Any CPU
		{67144FAE-1806-4419-B83B-DE5FB5E071BA}.Release|Any CPU.ActiveCfg = Release|Any CPU
		{67144FAE-1806-4419-B83B-DE5FB5E071BA}.Release|Any CPU.Build.0 = Release|Any CPU
		{5481712A-2FDF-4AA6-B18B-76732405AD50}.Debug|Any CPU.ActiveCfg = Debug|Any CPU
		{5481712A-2FDF-4AA6-B18B-76732405AD50}.Debug|Any CPU.Build.0 = Debug|Any CPU
		{5481712A-2FDF-4AA6-B18B-76732405AD50}.Release|Any CPU.ActiveCfg = Release|Any CPU
		{5481712A-2FDF-4AA6-B18B-76732405AD50}.Release|Any CPU.Build.0 = Release|Any CPU
		{9E0FF150-C5FC-4B4C-8AB3-64BCB91D989C}.Debug|Any CPU.ActiveCfg = Debug|Any CPU
		{9E0FF150-C5FC-4B4C-8AB3-64BCB91D989C}.Debug|Any CPU.Build.0 = Debug|Any CPU
		{9E0FF150-C5FC-4B4C-8AB3-64BCB91D989C}.Release|Any CPU.ActiveCfg = Release|Any CPU
		{9E0FF150-C5FC-4B4C-8AB3-64BCB91D989C}.Release|Any CPU.Build.0 = Release|Any CPU
	EndGlobalSection
	GlobalSection(SolutionProperties) = preSolution
		HideSolutionNode = FALSE
	EndGlobalSection
	GlobalSection(ExtensibilityGlobals) = postSolution
		SolutionGuid = {1A9EE355-A8E0-4E7F-B2C1-E87144D3B65F}
	EndGlobalSection
EndGlobal
